{
  "name": "review",
  "version": "1.0.0",
  "lockfileVersion": 3,
  "requires": true,
  "packages": {
    "": {
      "name": "review",
      "version": "1.0.0",
      "license": "ISC",
      "dependencies": {
        "playwright-cli": "^0.262.0"
      }
    },
    "node_modules/playwright-cli": {
      "version": "0.262.0",
      "resolved": "https://registry.npmjs.org/playwright-cli/-/playwright-cli-0.262.0.tgz",
      "integrity": "sha512-0ZcfJtffYv0NglJE5RcR3l89j8Hpoo7EoH/3A/1g6+gCIKp9Yq1QqKCqzcifHVBmIXE4A21JN2edkC1xzhf2Hw==",
      "deprecated": "This package is deprecated, use @playwright/cli instead.",
      "license": "Apache-2.0"
    }
  }
}
